
Microsoft Visual Studio Solution File, Format Version 11.00
# Visual Studio 2010
Project("{FAE04EC0-301F-11D3-BF4B-00C04F79EFBC}") = "UnityTemplate_ManagerSystem", "Assembly-CSharp.csproj", "{B2AAAB81-EDC1-B6E8-343D-0D8F1C7176CE}"
EndProject
Global
	GlobalSection(SolutionConfigurationPlatforms) = preSolution
		Debug|Any CPU = Debug|Any CPU
		Release|Any CPU = Release|Any CPU
	EndGlobalSection
	GlobalSection(ProjectConfigurationPlatforms) = postSolution
		{B2AAAB81-EDC1-B6E8-343D-0D8F1C7176CE}.Debug|Any CPU.ActiveCfg = Debug|Any CPU
		{B2AAAB81-EDC1-B6E8-343D-0D8F1C7176CE}.Debug|Any CPU.Build.0 = Debug|Any CPU
		{B2AAAB81-EDC1-B6E8-343D-0D8F1C7176CE}.Release|Any CPU.ActiveCfg = Release|Any CPU
		{B2AAAB81-EDC1-B6E8-343D-0D8F1C7176CE}.Release|Any CPU.Build.0 = Release|Any CPU
	EndGlobalSection
	GlobalSection(SolutionProperties) = preSolution
		HideSolutionNode = FALSE
	EndGlobalSection
	GlobalSection(MonoDevelopProperties) = preSolution
		StartupItem = Assembly-CSharp.csproj
	EndGlobalSection
EndGlobal
